
Microsoft Visual Studio Solution File, Format Version 12.00
# Visual Studio Version 16
VisualStudioVersion = 16.0.31702.278
MinimumVisualStudioVersion = 10.0.40219.1
Project("{FAE04EC0-301F-11D3-BF4B-00C04F79EFBC}") = "my-books", "my-books\my-books.csproj", "{34F64F8C-1D3C-427D-BC07-319370C7A12B}"
EndProject
Global
	GlobalSection(SolutionConfigurationPlatforms) = preSolution
		Debug|Any CPU = Debug|Any CPU
		Release|Any CPU = Release|Any CPU
	EndGlobalSection
	GlobalSection(ProjectConfigurationPlatforms) = postSolution
		{34F64F8C-1D3C-427D-BC07-319370C7A12B}.Debug|Any CPU.ActiveCfg = Debug|Any CPU
		{34F64F8C-1D3C-427D-BC07-319370C7A12B}.Debug|Any CPU.Build.0 = Debug|Any CPU
		{34F64F8C-1D3C-427D-BC07-319370C7A12B}.Release|Any CPU.ActiveCfg = Release|Any CPU
		{34F64F8C-1D3C-427D-BC07-319370C7A12B}.Release|Any CPU.Build.0 = Release|Any CPU
	EndGlobalSection
	GlobalSection(SolutionProperties) = preSolution
		HideSolutionNode = FALSE
	EndGlobalSection
	GlobalSection(ExtensibilityGlobals) = postSolution
		SolutionGuid = {6972E277-CF7C-4A5A-8A3C-F751D4E4E5E2}
	EndGlobalSection
EndGlobal
